// !$*UTF8*$!
{
	archiveVersion = 1;
	classes = {
	};
	objectVersion = 46;
	objects = {

/* Begin PBXBuildFile section */
		29F0018D1EB1AAEE002CCC53 /* main.m in Sources */ = {isa = PBXBuildFile; fileRef = 29F0018C1EB1AAEE002CCC53 /* main.m */; };
		29F001961EB1AAEE002CCC53 /* Main.storyboard in Resources */ = {isa = PBXBuildFile; fileRef = 29F001941EB1AAEE002CCC53 /* Main.storyboard */; };
		29F001981EB1AAEE002CCC53 /* Assets.xcassets in Resources */ = {isa = PBXBuildFile; fileRef = 29F001971EB1AAEE002CCC53 /* Assets.xcassets */; };
		29F0019B1EB1AAEE002CCC53 /* LaunchScreen.storyboard in Resources */ = {isa = PBXBuildFile; fileRef = 29F001991EB1AAEE002CCC53 /* LaunchScreen.storyboard */; };
		29F001A91EB1ABAD002CCC53 /* SearchResultController.m in Sources */ = {isa = PBXBuildFile; fileRef = 29F001A41EB1ABAD002CCC53 /* SearchResultController.m */; };
		29F001AD1EB1AC0E002CCC53 /* AppDelegate.m in Sources */ = {isa = PBXBuildFile; fileRef = 29F001AC1EB1AC0E002CCC53 /* AppDelegate.m */; };
		29F001B31EB1B38E002CCC53 /* NetworkManager.m in Sources */ = {isa = PBXBuildFile; fileRef = 29F001B21EB1B38E002CCC53 /* NetworkManager.m */; };
		29F001B81EB1B793002CCC53 /* UserInfo.m in Sources */ = {isa = PBXBuildFile; fileRef = 29F001B71EB1B793002CCC53 /* UserInfo.m */; };
		29F001BE1EB1B82C002CCC53 /* UserCell.m in Sources */ = {isa = PBXBuildFile; fileRef = 29F001BD1EB1B82C002CCC53 /* UserCell.m */; };
		29F001C11EB1C3B2002CCC53 /* UserDetailController.m in Sources */ = {isa = PBXBuildFile; fileRef = 29F001C01EB1C3B2002CCC53 /* UserDetailController.m */; };
		29F001C41EB1C571002CCC53 /* LanguageCell.m in Sources */ = {isa = PBXBuildFile; fileRef = 29F001C31EB1C571002CCC53 /* LanguageCell.m */; };
		29F001C71EB1CA56002CCC53 /* Report.m in Sources */ = {isa = PBXBuildFile; fileRef = 29F001C61EB1CA56002CCC53 /* Report.m */; };
		A8AFCB64FCC889DEAF435CCE /* libPods-searchDemo.a in Frameworks */ = {isa = PBXBuildFile; fileRef = 24F1749E55043CC99D78E142 /* libPods-searchDemo.a */; };
/* End PBXBuildFile section */

/* Begin PBXFileReference section */
		24F1749E55043CC99D78E142 /* libPods-searchDemo.a */ = {isa = PBXFileReference; explicitFileType = archive.ar; includeInIndex = 0; path = "libPods-searchDemo.a"; sourceTree = BUILT_PRODUCTS_DIR; };
		29F001881EB1AAEE002CCC53 /* searchDemo.app */ = {isa = PBXFileReference; explicitFileType = wrapper.application; includeInIndex = 0; path = searchDemo.app; sourceTree = BUILT_PRODUCTS_DIR; };
		29F0018C1EB1AAEE002CCC53 /* main.m */ = {isa = PBXFileReference; lastKnownFileType = sourcecode.c.objc; path = main.m; sourceTree = "<group>"; };
		29F001951EB1AAEE002CCC53 /* Base */ = {isa = PBXFileReference; lastKnownFileType = file.storyboard; name = Base; path = Base.lproj/Main.storyboard; sourceTree = "<group>"; };
		29F001971EB1AAEE002CCC53 /* Assets.xcassets */ = {isa = PBXFileReference; lastKnownFileType = folder.assetcatalog; path = Assets.xcassets; sourceTree = "<group>"; };
		29F0019A1EB1AAEE002CCC53 /* Base */ = {isa = PBXFileReference; lastKnownFileType = file.storyboard; name = Base; path = Base.lproj/LaunchScreen.storyboard; sourceTree = "<group>"; };
		29F0019C1EB1AAEE002CCC53 /* Info.plist */ = {isa = PBXFileReference; lastKnownFileType = text.plist.xml; path = Info.plist; sourceTree = "<group>"; };
		29F001A31EB1ABAD002CCC53 /* SearchResultController.h */ = {isa = PBXFileReference; fileEncoding = 4; lastKnownFileType = sourcecode.c.h; path = SearchResultController.h; sourceTree = "<group>"; };
		29F001A41EB1ABAD002CCC53 /* SearchResultController.m */ = {isa = PBXFileReference; fileEncoding = 4; lastKnownFileType = sourcecode.c.objc; path = SearchResultController.m; sourceTree = "<group>"; };
		29F001AB1EB1AC0E002CCC53 /* AppDelegate.h */ = {isa = PBXFileReference; fileEncoding = 4; lastKnownFileType = sourcecode.c.h; path = AppDelegate.h; sourceTree = "<group>"; };
		29F001AC1EB1AC0E002CCC53 /* AppDelegate.m */ = {isa = PBXFileReference; fileEncoding = 4; lastKnownFileType = sourcecode.c.objc; path = AppDelegate.m; sourceTree = "<group>"; };
		29F001B11EB1B38E002CCC53 /* NetworkManager.h */ = {isa = PBXFileReference; fileEncoding = 4; lastKnownFileType = sourcecode.c.h; path = NetworkManager.h; sourceTree = "<group>"; };
		29F001B21EB1B38E002CCC53 /* NetworkManager.m */ = {isa = PBXFileReference; fileEncoding = 4; lastKnownFileType = sourcecode.c.objc; path = NetworkManager.m; sourceTree = "<group>"; };
		29F001B41EB1B4AB002CCC53 /* PrefixHeader.pch */ = {isa = PBXFileReference; fileEncoding = 4; lastKnownFileType = sourcecode.c.h; path = PrefixHeader.pch; sourceTree = "<group>"; };
		29F001B51EB1B4CF002CCC53 /* Macros.h */ = {isa = PBXFileReference; fileEncoding = 4; lastKnownFileType = sourcecode.c.h; path = Macros.h; sourceTree = "<group>"; };
		29F001B61EB1B793002CCC53 /* UserInfo.h */ = {isa = PBXFileReference; fileEncoding = 4; lastKnownFileType = sourcecode.c.h; path = UserInfo.h; sourceTree = "<group>"; };
		29F001B71EB1B793002CCC53 /* UserInfo.m */ = {isa = PBXFileReference; fileEncoding = 4; lastKnownFileType = sourcecode.c.objc; path = UserInfo.m; sourceTree = "<group>"; };
		29F001BC1EB1B82C002CCC53 /* UserCell.h */ = {isa = PBXFileReference; fileEncoding = 4; lastKnownFileType = sourcecode.c.h; path = UserCell.h; sourceTree = "<group>"; };
		29F001BD1EB1B82C002CCC53 /* UserCell.m */ = {isa = PBXFileReference; fileEncoding = 4; lastKnownFileType = sourcecode.c.objc; path = UserCell.m; sourceTree = "<group>"; };
		29F001BF1EB1C3B2002CCC53 /* UserDetailController.h */ = {isa = PBXFileReference; fileEncoding = 4; lastKnownFileType = sourcecode.c.h; path = UserDetailController.h; sourceTree = "<group>"; };
		29F001C01EB1C3B2002CCC53 /* UserDetailController.m */ = {isa = PBXFileReference; fileEncoding = 4; lastKnownFileType = sourcecode.c.objc; path = UserDetailController.m; sourceTree = "<group>"; };
		29F001C21EB1C571002CCC53 /* LanguageCell.h */ = {isa = PBXFileReference; fileEncoding = 4; lastKnownFileType = sourcecode.c.h; path = LanguageCell.h; sourceTree = "<group>"; };
		29F001C31EB1C571002CCC53 /* LanguageCell.m */ = {isa = PBXFileReference; fileEncoding = 4; lastKnownFileType = sourcecode.c.objc; path = LanguageCell.m; sourceTree = "<group>"; };
		29F001C51EB1CA56002CCC53 /* Report.h */ = {isa = PBXFileReference; fileEncoding = 4; lastKnownFileType = sourcecode.c.h; path = Report.h; sourceTree = "<group>"; };
		29F001C61EB1CA56002CCC53 /* Report.m */ = {isa = PBXFileReference; fileEncoding = 4; lastKnownFileType = sourcecode.c.objc; path = Report.m; sourceTree = "<group>"; };
		641976CD13101F742B604DBE /* Pods-searchDemo.debug.xcconfig */ = {isa = PBXFileReference; includeInIndex = 1; lastKnownFileType = text.xcconfig; name = "Pods-searchDemo.debug.xcconfig"; path = "Pods/Target Support Files/Pods-searchDemo/Pods-searchDemo.debug.xcconfig"; sourceTree = "<group>"; };
		ABBEDD573DF8F3156651C153 /* Pods-searchDemo.release.xcconfig */ = {isa = PBXFileReference; includeInIndex = 1; lastKnownFileType = text.xcconfig; name = "Pods-searchDemo.release.xcconfig"; path = "Pods/Target Support Files/Pods-searchDemo/Pods-searchDemo.release.xcconfig"; sourceTree = "<group>"; };
/* End PBXFileReference section */

/* Begin PBXFrameworksBuildPhase section */
		29F001851EB1AAEE002CCC53 /* Frameworks */ = {
			isa = PBXFrameworksBuildPhase;
			buildActionMask = 2147483647;
			files = (
				A8AFCB64FCC889DEAF435CCE /* libPods-searchDemo.a in Frameworks */,
			);
			runOnlyForDeploymentPostprocessing = 0;
		};
/* End PBXFrameworksBuildPhase section */

/* Begin PBXGroup section */
		0847F7019C8D6CF1A860D751 /* Pods */ = {
			isa = PBXGroup;
			children = (
				641976CD13101F742B604DBE /* Pods-searchDemo.debug.xcconfig */,
				ABBEDD573DF8F3156651C153 /* Pods-searchDemo.release.xcconfig */,
			);
			name = Pods;
			sourceTree = "<group>";
		};
		29F0017F1EB1AAEE002CCC53 = {
			isa = PBXGroup;
			children = (
				29F0018A1EB1AAEE002CCC53 /* searchDemo */,
				29F001891EB1AAEE002CCC53 /* Products */,
				0847F7019C8D6CF1A860D751 /* Pods */,
				441C797F8B3073670988900C /* Frameworks */,
			);
			sourceTree = "<group>";
		};
		29F001891EB1AAEE002CCC53 /* Products */ = {
			isa = PBXGroup;
			children = (
				29F001881EB1AAEE002CCC53 /* searchDemo.app */,
			);
			name = Products;
			sourceTree = "<group>";
		};
		29F0018A1EB1AAEE002CCC53 /* searchDemo */ = {
			isa = PBXGroup;
			children = (
				29F001AA1EB1ABF6002CCC53 /* AppDelegate */,
				29F001A21EB1ABAD002CCC53 /* Controller */,
				29F001A81EB1ABAD002CCC53 /* View */,
				29F001A51EB1ABAD002CCC53 /* Model */,
				29F001A61EB1ABAD002CCC53 /* Networw */,
				29F001A71EB1ABAD002CCC53 /* Other */,
				29F0018B1EB1AAEE002CCC53 /* Supporting Files */,
			);
			path = searchDemo;
			sourceTree = "<group>";
		};
		29F0018B1EB1AAEE002CCC53 /* Supporting Files */ = {
			isa = PBXGroup;
			children = (
				29F001971EB1AAEE002CCC53 /* Assets.xcassets */,
				29F0019C1EB1AAEE002CCC53 /* Info.plist */,
				29F0018C1EB1AAEE002CCC53 /* main.m */,
			);
			name = "Supporting Files";
			sourceTree = "<group>";
		};
		29F001A21EB1ABAD002CCC53 /* Controller */ = {
			isa = PBXGroup;
			children = (
				29F001A31EB1ABAD002CCC53 /* SearchResultController.h */,
				29F001A41EB1ABAD002CCC53 /* SearchResultController.m */,
				29F001BF1EB1C3B2002CCC53 /* UserDetailController.h */,
				29F001C01EB1C3B2002CCC53 /* UserDetailController.m */,
			);
			path = Controller;
			sourceTree = "<group>";
		};
		29F001A51EB1ABAD002CCC53 /* Model */ = {
			isa = PBXGroup;
			children = (
				29F001B61EB1B793002CCC53 /* UserInfo.h */,
				29F001B71EB1B793002CCC53 /* UserInfo.m */,
				29F001C51EB1CA56002CCC53 /* Report.h */,
				29F001C61EB1CA56002CCC53 /* Report.m */,
			);
			path = Model;
			sourceTree = "<group>";
		};
		29F001A61EB1ABAD002CCC53 /* Networw */ = {
			isa = PBXGroup;
			children = (
				29F001B11EB1B38E002CCC53 /* NetworkManager.h */,
				29F001B21EB1B38E002CCC53 /* NetworkManager.m */,
			);
			path = Networw;
			sourceTree = "<group>";
		};
		29F001A71EB1ABAD002CCC53 /* Other */ = {
			isa = PBXGroup;
			children = (
				29F001B41EB1B4AB002CCC53 /* PrefixHeader.pch */,
				29F001B51EB1B4CF002CCC53 /* Macros.h */,
			);
			path = Other;
			sourceTree = "<group>";
		};
		29F001A81EB1ABAD002CCC53 /* View */ = {
			isa = PBXGroup;
			children = (
				29F001941EB1AAEE002CCC53 /* Main.storyboard */,
				29F001991EB1AAEE002CCC53 /* LaunchScreen.storyboard */,
				29F001BC1EB1B82C002CCC53 /* UserCell.h */,
				29F001BD1EB1B82C002CCC53 /* UserCell.m */,
				29F001C21EB1C571002CCC53 /* LanguageCell.h */,
				29F001C31EB1C571002CCC53 /* LanguageCell.m */,
			);
			path = View;
			sourceTree = "<group>";
		};
		29F001AA1EB1ABF6002CCC53 /* AppDelegate */ = {
			isa = PBXGroup;
			children = (
				29F001AB1EB1AC0E002CCC53 /* AppDelegate.h */,
				29F001AC1EB1AC0E002CCC53 /* AppDelegate.m */,
			);
			path = AppDelegate;
			sourceTree = "<group>";
		};
		441C797F8B3073670988900C /* Frameworks */ = {
			isa = PBXGroup;
			children = (
				24F1749E55043CC99D78E142 /* libPods-searchDemo.a */,
			);
			name = Frameworks;
			sourceTree = "<group>";
		};
/* End PBXGroup section */

/* Begin PBXNativeTarget section */
		29F001871EB1AAEE002CCC53 /* searchDemo */ = {
			isa = PBXNativeTarget;
			buildConfigurationList = 29F0019F1EB1AAEE002CCC53 /* Build configuration list for PBXNativeTarget "searchDemo" */;
			buildPhases = (
				A021AD6FB85A461B7896D0C1 /* Check Pods Manifest.lock */,
				29F001841EB1AAEE002CCC53 /* Sources */,
				29F001851EB1AAEE002CCC53 /* Frameworks */,
				29F001861EB1AAEE002CCC53 /* Resources */,
				1370601AAFF70E7431F90A42 /* Embed Pods Frameworks */,
				2BB8D1DA77C264CF36E31A93 /* Copy Pods Resources */,
			);
			buildRules = (
			);
			dependencies = (
			);
			name = searchDemo;
			productName = searchDemo;
			productReference = 29F001881EB1AAEE002CCC53 /* searchDemo.app */;
			productType = "com.apple.product-type.application";
		};
/* End PBXNativeTarget section */

/* Begin PBXProject section */
		29F001801EB1AAEE002CCC53 /* Project object */ = {
			isa = PBXProject;
			attributes = {
				LastUpgradeCheck = 0820;
				ORGANIZATIONNAME = GuanFeng;
				TargetAttributes = {
					29F001871EB1AAEE002CCC53 = {
						CreatedOnToolsVersion = 8.2.1;
						DevelopmentTeam = 629Q3A89R5;
						ProvisioningStyle = Automatic;
					};
				};
			};
			buildConfigurationList = 29F001831EB1AAEE002CCC53 /* Build configuration list for PBXProject "searchDemo" */;
			compatibilityVersion = "Xcode 3.2";
			developmentRegion = English;
			hasScannedForEncodings = 0;
			knownRegions = (
				en,
				Base,
			);
			mainGroup = 29F0017F1EB1AAEE002CCC53;
			productRefGroup = 29F001891EB1AAEE002CCC53 /* Products */;
			projectDirPath = "";
			projectRoot = "";
			targets = (
				29F001871EB1AAEE002CCC53 /* searchDemo */,
			);
		};
/* End PBXProject section */

/* Begin PBXResourcesBuildPhase section */
		29F001861EB1AAEE002CCC53 /* Resources */ = {
			isa = PBXResourcesBuildPhase;
			buildActionMask = 2147483647;
			files = (
				29F0019B1EB1AAEE002CCC53 /* LaunchScreen.storyboard in Resources */,
				29F001981EB1AAEE002CCC53 /* Assets.xcassets in Resources */,
				29F001961EB1AAEE002CCC53 /* Main.storyboard in Resources */,
			);
			runOnlyForDeploymentPostprocessing = 0;
		};
/* End PBXResourcesBuildPhase section */

/* Begin PBXShellScriptBuildPhase section */
		1370601AAFF70E7431F90A42 /* Embed Pods Frameworks */ = {
			isa = PBXShellScriptBuildPhase;
			buildActionMask = 2147483647;
			files = (
			);
			inputPaths = (
			);
			name = "Embed Pods Frameworks";
			outputPaths = (
			);
			runOnlyForDeploymentPostprocessing = 0;
			shellPath = /bin/sh;
			shellScript = "\"${SRCROOT}/Pods/Target Support Files/Pods-searchDemo/Pods-searchDemo-frameworks.sh\"\n";
			showEnvVarsInLog = 0;
		};
		2BB8D1DA77C264CF36E31A93 /* Copy Pods Resources */ = {
			isa = PBXShellScriptBuildPhase;
			buildActionMask = 2147483647;
			files = (
			);
			inputPaths = (
			);
			name = "Copy Pods Resources";
			outputPaths = (
			);
			runOnlyForDeploymentPostprocessing = 0;
			shellPath = /bin/sh;
			shellScript = "\"${SRCROOT}/Pods/Target Support Files/Pods-searchDemo/Pods-searchDemo-resources.sh\"\n";
			showEnvVarsInLog = 0;
		};
		A021AD6FB85A461B7896D0C1 /* Check Pods Manifest.lock */ = {
			isa = PBXShellScriptBuildPhase;
			buildActionMask = 2147483647;
			files = (
			);
			inputPaths = (
			);
			name = "Check Pods Manifest.lock";
			outputPaths = (
			);
			runOnlyForDeploymentPostprocessing = 0;
			shellPath = /bin/sh;
			shellScript = "diff \"${PODS_ROOT}/../Podfile.lock\" \"${PODS_ROOT}/Manifest.lock\" > /dev/null\nif [[ $? != 0 ]] ; then\n    cat << EOM\nerror: The sandbox is not in sync with the Podfile.lock. Run 'pod install' or update your CocoaPods installation.\nEOM\n    exit 1\nfi\n";
			showEnvVarsInLog = 0;
		};
/* End PBXShellScriptBuildPhase section */

/* Begin PBXSourcesBuildPhase section */
		29F001841EB1AAEE002CCC53 /* Sources */ = {
			isa = PBXSourcesBuildPhase;
			buildActionMask = 2147483647;
			files = (
				29F001B31EB1B38E002CCC53 /* NetworkManager.m in Sources */,
				29F0018D1EB1AAEE002CCC53 /* main.m in Sources */,
				29F001A91EB1ABAD002CCC53 /* SearchResultController.m in Sources */,
				29F001C71EB1CA56002CCC53 /* Report.m in Sources */,
				29F001B81EB1B793002CCC53 /* UserInfo.m in Sources */,
				29F001C11EB1C3B2002CCC53 /* UserDetailController.m in Sources */,
				29F001C41EB1C571002CCC53 /* LanguageCell.m in Sources */,
				29F001BE1EB1B82C002CCC53 /* UserCell.m in Sources */,
				29F001AD1EB1AC0E002CCC53 /* AppDelegate.m in Sources */,
			);
			runOnlyForDeploymentPostprocessing = 0;
		};
/* End PBXSourcesBuildPhase section */

/* Begin PBXVariantGroup section */
		29F001941EB1AAEE002CCC53 /* Main.storyboard */ = {
			isa = PBXVariantGroup;
			children = (
				29F001951EB1AAEE002CCC53 /* Base */,
			);
			name = Main.storyboard;
			path = ..;
			sourceTree = "<group>";
		};
		29F001991EB1AAEE002CCC53 /* LaunchScreen.storyboard */ = {
			isa = PBXVariantGroup;
			children = (
				29F0019A1EB1AAEE002CCC53 /* Base */,
			);
			name = LaunchScreen.storyboard;
			path = ..;
			sourceTree = "<group>";
		};
/* End PBXVariantGroup section */

/* Begin XCBuildConfiguration section */
		29F0019D1EB1AAEE002CCC53 /* Debug */ = {
			isa = XCBuildConfiguration;
			buildSettings = {
				ALWAYS_SEARCH_USER_PATHS = NO;
				CLANG_ANALYZER_NONNULL = YES;
				CLANG_CXX_LANGUAGE_STANDARD = "gnu++0x";
				CLANG_CXX_LIBRARY = "libc++";
				CLANG_ENABLE_MODULES = YES;
				CLANG_ENABLE_OBJC_ARC = YES;
				CLANG_WARN_BOOL_CONVERSION = YES;
				CLANG_WARN_CONSTANT_CONVERSION = YES;
				CLANG_WARN_DIRECT_OBJC_ISA_USAGE = YES_ERROR;
				CLANG_WARN_DOCUMENTATION_COMMENTS = YES;
				CLANG_WARN_EMPTY_BODY = YES;
				CLANG_WARN_ENUM_CONVERSION = YES;
				CLANG_WARN_INFINITE_RECURSION = YES;
				CLANG_WARN_INT_CONVERSION = YES;
				CLANG_WARN_OBJC_ROOT_CLASS = YES_ERROR;
				CLANG_WARN_SUSPICIOUS_MOVE = YES;
				CLANG_WARN_UNREACHABLE_CODE = YES;
				CLANG_WARN__DUPLICATE_METHOD_MATCH = YES;
				"CODE_SIGN_IDENTITY[sdk=iphoneos*]" = "iPhone Developer";
				COPY_PHASE_STRIP = NO;
				DEBUG_INFORMATION_FORMAT = dwarf;
				ENABLE_STRICT_OBJC_MSGSEND = YES;
				ENABLE_TESTABILITY = YES;
				GCC_C_LANGUAGE_STANDARD = gnu99;
				GCC_DYNAMIC_NO_PIC = NO;
				GCC_NO_COMMON_BLOCKS = YES;
				GCC_OPTIMIZATION_LEVEL = 0;
				GCC_PREPROCESSOR_DEFINITIONS = (
					"DEBUG=1",
					"$(inherited)",
				);
				GCC_WARN_64_TO_32_BIT_CONVERSION = YES;
				GCC_WARN_ABOUT_RETURN_TYPE = YES_ERROR;
				GCC_WARN_UNDECLARED_SELECTOR = YES;
				GCC_WARN_UNINITIALIZED_AUTOS = YES_AGGRESSIVE;
				GCC_WARN_UNUSED_FUNCTION = YES;
				GCC_WARN_UNUSED_VARIABLE = YES;
				IPHONEOS_DEPLOYMENT_TARGET = 10.2;
				MTL_ENABLE_DEBUG_INFO = YES;
				ONLY_ACTIVE_ARCH = YES;
				SDKROOT = iphoneos;
			};
			name = Debug;
		};
		29F0019E1EB1AAEE002CCC53 /* Release */ = {
			isa = XCBuildConfiguration;
			buildSettings = {
				ALWAYS_SEARCH_USER_PATHS = NO;
				CLANG_ANALYZER_NONNULL = YES;
				CLANG_CXX_LANGUAGE_STANDARD = "gnu++0x";
				CLANG_CXX_LIBRARY = "libc++";
				CLANG_ENABLE_MODULES = YES;
				CLANG_ENABLE_OBJC_ARC = YES;
				CLANG_WARN_BOOL_CONVERSION = YES;
				CLANG_WARN_CONSTANT_CONVERSION = YES;
				CLANG_WARN_DIRECT_OBJC_ISA_USAGE = YES_ERROR;
				CLANG_WARN_DOCUMENTATION_COMMENTS = YES;
				CLANG_WARN_EMPTY_BODY = YES;
				CLANG_WARN_ENUM_CONVERSION = YES;
				CLANG_WARN_INFINITE_RECURSION = YES;
				CLANG_WARN_INT_CONVERSION = YES;
				CLANG_WARN_OBJC_ROOT_CLASS = YES_ERROR;
				CLANG_WARN_SUSPICIOUS_MOVE = YES;
				CLANG_WARN_UNREACHABLE_CODE = YES;
				CLANG_WARN__DUPLICATE_METHOD_MATCH = YES;
				"CODE_SIGN_IDENTITY[sdk=iphoneos*]" = "iPhone Developer";
				COPY_PHASE_STRIP = NO;
				DEBUG_INFORMATION_FORMAT = "dwarf-with-dsym";
				ENABLE_NS_ASSERTIONS = NO;
				ENABLE_STRICT_OBJC_MSGSEND = YES;
				GCC_C_LANGUAGE_STANDARD = gnu99;
				GCC_NO_COMMON_BLOCKS = YES;
				GCC_WARN_64_TO_32_BIT_CONVERSION = YES;
				GCC_WARN_ABOUT_RETURN_TYPE = YES_ERROR;
				GCC_WARN_UNDECLARED_SELECTOR = YES;
				GCC_WARN_UNINITIALIZED_AUTOS = YES_AGGRESSIVE;
				GCC_WARN_UNUSED_FUNCTION = YES;
				GCC_WARN_UNUSED_VARIABLE = YES;
				IPHONEOS_DEPLOYMENT_TARGET = 10.2;
				MTL_ENABLE_DEBUG_INFO = NO;
				SDKROOT = iphoneos;
				VALIDATE_PRODUCT = YES;
			};
			name = Release;
		};
		29F001A01EB1AAEE002CCC53 /* Debug */ = {
			isa = XCBuildConfiguration;
			baseConfigurationReference = 641976CD13101F742B604DBE /* Pods-searchDemo.debug.xcconfig */;
			buildSettings = {
				ASSETCATALOG_COMPILER_APPICON_NAME = AppIcon;
				DEVELOPMENT_TEAM = 629Q3A89R5;
				GCC_PREFIX_HEADER = "$(PROJECT_DIR)/searchDemo/Other/PrefixHeader.pch";
				INFOPLIST_FILE = searchDemo/Info.plist;
				LD_RUNPATH_SEARCH_PATHS = "$(inherited) @executable_path/Frameworks";
				PRODUCT_BUNDLE_IDENTIFIER = com.gf.searchDemo;
				PRODUCT_NAME = "$(TARGET_NAME)";
			};
			name = Debug;
		};
		29F001A11EB1AAEE002CCC53 /* Release */ = {
			isa = XCBuildConfiguration;
			baseConfigurationReference = ABBEDD573DF8F3156651C153 /* Pods-searchDemo.release.xcconfig */;
			buildSettings = {
				ASSETCATALOG_COMPILER_APPICON_NAME = AppIcon;
				DEVELOPMENT_TEAM = 629Q3A89R5;
				GCC_PREFIX_HEADER = "$(PROJECT_DIR)/searchDemo/Other/PrefixHeader.pch";
				INFOPLIST_FILE = searchDemo/Info.plist;
				LD_RUNPATH_SEARCH_PATHS = "$(inherited) @executable_path/Frameworks";
				PRODUCT_BUNDLE_IDENTIFIER = com.gf.searchDemo;
				PRODUCT_NAME = "$(TARGET_NAME)";
			};
			name = Release;
		};
/* End XCBuildConfiguration section */

/* Begin XCConfigurationList section */
		29F001831EB1AAEE002CCC53 /* Build configuration list for PBXProject "searchDemo" */ = {
			isa = XCConfigurationList;
			buildConfigurations = (
				29F0019D1EB1AAEE002CCC53 /* Debug */,
				29F0019E1EB1AAEE002CCC53 /* Release */,
			);
			defaultConfigurationIsVisible = 0;
			defaultConfigurationName = Release;
		};
		29F0019F1EB1AAEE002CCC53 /* Build configuration list for PBXNativeTarget "searchDemo" */ = {
			isa = XCConfigurationList;
			buildConfigurations = (
				29F001A01EB1AAEE002CCC53 /* Debug */,
				29F001A11EB1AAEE002CCC53 /* Release */,
			);
			defaultConfigurationIsVisible = 0;
			defaultConfigurationName = Release;
		};
/* End XCConfigurationList section */
	};
	rootObject = 29F001801EB1AAEE002CCC53 /* Project object */;
}
